
Microsoft Visual Studio Solution File, Format Version 12.00
# Visual Studio 15
Project("{FAE04EC0-301F-11D3-BF4B-00C04F79EFBC}") = "UnityEngine.TestRunner", "UnityEngine.TestRunner.csproj", "{86DECBCC-E958-636C-0D16-DCE037BDF6AD}"
EndProject
Project("{FAE04EC0-301F-11D3-BF4B-00C04F79EFBC}") = "Unity.Mathematics", "Unity.Mathematics.csproj", "{A234A5C4-A4BF-BA7C-3857-6B622CBA206E}"
EndProject
Project("{FAE04EC0-301F-11D3-BF4B-00C04F79EFBC}") = "Unity.2D.Animation.Triangle.Runtime", "Unity.2D.Animation.Triangle.Runtime.csproj", "{15AEFA18-CDDF-DACC-F86F-DFC42B042F77}"
EndProject
Project("{FAE04EC0-301F-11D3-BF4B-00C04F79EFBC}") = "Unity.Timeline", "Unity.Timeline.csproj", "{4F5519CF-D7E3-021A-6E78-CE036FD99D7F}"
EndProject
Project("{FAE04EC0-301F-11D3-BF4B-00C04F79EFBC}") = "UnityEngine.UI", "UnityEngine.UI.csproj", "{5166EF62-49B1-83F8-4CE9-414B06C593E4}"
EndProject
Project("{FAE04EC0-301F-11D3-BF4B-00C04F79EFBC}") = "Unity.TextMeshPro", "Unity.TextMeshPro.csproj", "{C1BD0D23-76E5-0DB8-F998-DF084AAB2E0D}"
EndProject
Project("{FAE04EC0-301F-11D3-BF4B-00C04F79EFBC}") = "Unity.2D.Animation.Runtime", "Unity.2D.Animation.Runtime.csproj", "{6E2A774F-0539-26E7-C487-BF684E65626A}"
EndProject
Project("{FAE04EC0-301F-11D3-BF4B-00C04F79EFBC}") = "Unity.2D.IK.Runtime", "Unity.2D.IK.Runtime.csproj", "{336D9A74-47CE-E1E7-B880-DA808FA0C432}"
EndProject
Project("{FAE04EC0-301F-11D3-BF4B-00C04F79EFBC}") = "Unity.2D.SpriteShape.Runtime", "Unity.2D.SpriteShape.Runtime.csproj", "{5B298796-5C3B-4970-293F-250F025C1987}"
EndProject
Project("{FAE04EC0-301F-11D3-BF4B-00C04F79EFBC}") = "Unity.2D.PixelPerfect", "Unity.2D.PixelPerfect.csproj", "{D588E1DB-684F-E84E-412D-7C4A68BE29F0}"
EndProject
Project("{FAE04EC0-301F-11D3-BF4B-00C04F79EFBC}") = "Unity.2D.Common.Runtime", "Unity.2D.Common.Runtime.csproj", "{1A12F02D-F8CE-3DFC-043F-CE70E23F0FF8}"
EndProject
Project("{FAE04EC0-301F-11D3-BF4B-00C04F79EFBC}") = "Unity.InternalAPIEngineBridge.001", "Unity.InternalAPIEngineBridge.001.csproj", "{4129EE89-9FF5-85AA-48AC-5A67DF793796}"
EndProject
Project("{FAE04EC0-301F-11D3-BF4B-00C04F79EFBC}") = "Assembly-CSharp", "Assembly-CSharp.csproj", "{B2B58FB2-4462-6B0C-A872-40DD957E5FE0}"
EndProject
Project("{FAE04EC0-301F-11D3-BF4B-00C04F79EFBC}") = "UnityEditor.TestRunner", "UnityEditor.TestRunner.csproj", "{79BD3602-F49E-FC5F-D168-D55E8032F8C9}"
EndProject
Project("{FAE04EC0-301F-11D3-BF4B-00C04F79EFBC}") = "Unity.PlasticSCM.Editor", "Unity.PlasticSCM.Editor.csproj", "{468FC57A-550B-7AB7-2DA2-A2D4C0428819}"
EndProject
Project("{FAE04EC0-301F-11D3-BF4B-00C04F79EFBC}") = "UnityEditor.UI", "UnityEditor.UI.csproj", "{46D59EF0-6788-C10D-25DD-0D8144EB4B31}"
EndProject
Project("{FAE04EC0-301F-11D3-BF4B-00C04F79EFBC}") = "Unity.Services.Core.Editor", "Unity.Services.Core.Editor.csproj", "{A398C69A-EA68-D162-D2F9-CA9D1769F037}"
EndProject
Project("{FAE04EC0-301F-11D3-BF4B-00C04F79EFBC}") = "Unity.Timeline.Editor", "Unity.Timeline.Editor.csproj", "{D5DE0C21-7127-2564-597B-B50456EA80A2}"
EndProject
Project("{FAE04EC0-301F-11D3-BF4B-00C04F79EFBC}") = "Unity.VisualStudio.Editor", "Unity.VisualStudio.Editor.csproj", "{E3B4F42D-66B4-9FFF-DACA-FC7298F5EBFA}"
EndProject
Project("{FAE04EC0-301F-11D3-BF4B-00C04F79EFBC}") = "Unity.2D.Psdimporter.Editor", "Unity.2D.Psdimporter.Editor.csproj", "{0A459D49-D45F-73B3-25B9-84B8537367C3}"
EndProject
Project("{FAE04EC0-301F-11D3-BF4B-00C04F79EFBC}") = "Unity.2D.Animation.Editor", "Unity.2D.Animation.Editor.csproj", "{32813FB3-AC3B-BAFD-FFB9-C84B0EE37295}"
EndProject
Project("{FAE04EC0-301F-11D3-BF4B-00C04F79EFBC}") = "Unity.TextMeshPro.Editor", "Unity.TextMeshPro.Editor.csproj", "{9A1C864E-BEA1-EEFB-CA45-CF9C1E24C27E}"
EndProject
Project("{FAE04EC0-301F-11D3-BF4B-00C04F79EFBC}") = "Unity.2D.SpriteShape.Editor", "Unity.2D.SpriteShape.Editor.csproj", "{5C1CA4FC-9BE9-F02D-66A2-A18C2BD72A3A}"
EndProject
Project("{FAE04EC0-301F-11D3-BF4B-00C04F79EFBC}") = "Unity.CollabProxy.Editor", "Unity.CollabProxy.Editor.csproj", "{37F795A0-7B2D-F2ED-D868-2C8F2C06FA1D}"
EndProject
Project("{FAE04EC0-301F-11D3-BF4B-00C04F79EFBC}") = "PsdPlugin", "PsdPlugin.csproj", "{51342817-368B-907A-F7FF-426663A2DA1C}"
EndProject
Project("{FAE04EC0-301F-11D3-BF4B-00C04F79EFBC}") = "Unity.2D.Path.Editor", "Unity.2D.Path.Editor.csproj", "{70D33F0E-31A3-A826-BDF2-0EF63EA08152}"
EndProject
Project("{FAE04EC0-301F-11D3-BF4B-00C04F79EFBC}") = "Unity.Rider.Editor", "Unity.Rider.Editor.csproj", "{326A4F9C-20F0-E078-29A3-6605A766BA46}"
EndProject
Project("{FAE04EC0-301F-11D3-BF4B-00C04F79EFBC}") = "Unity.2D.IK.Editor", "Unity.2D.IK.Editor.csproj", "{D7AE9D54-ADCB-8980-8D89-8CDA84165C20}"
EndProject
Project("{FAE04EC0-301F-11D3-BF4B-00C04F79EFBC}") = "Unity.2D.Sprite.Editor", "Unity.2D.Sprite.Editor.csproj", "{E895022B-FC6B-89DE-F24E-8C8D305353A4}"
EndProject
Project("{FAE04EC0-301F-11D3-BF4B-00C04F79EFBC}") = "Unity.2D.Tilemap.Editor", "Unity.2D.Tilemap.Editor.csproj", "{804DA0BF-D17B-4A1D-912D-B68881B89E22}"
EndProject
Project("{FAE04EC0-301F-11D3-BF4B-00C04F79EFBC}") = "Unity.2D.PixelPerfect.Editor", "Unity.2D.PixelPerfect.Editor.csproj", "{AA7A4434-1EE3-2800-2145-E6B67819A58A}"
EndProject
Project("{FAE04EC0-301F-11D3-BF4B-00C04F79EFBC}") = "Unity.VSCode.Editor", "Unity.VSCode.Editor.csproj", "{02FE65F0-FA6E-FB2F-DC1E-CB733254DFAF}"
EndProject
Project("{FAE04EC0-301F-11D3-BF4B-00C04F79EFBC}") = "Unity.2D.Common.Editor", "Unity.2D.Common.Editor.csproj", "{2F36AA6C-E84C-2FEB-80CB-AE4CB06B385A}"
EndProject
Project("{FAE04EC0-301F-11D3-BF4B-00C04F79EFBC}") = "Unity.Mathematics.Editor", "Unity.Mathematics.Editor.csproj", "{426E94C6-6E1D-8C6F-D2FC-2C93A73561BA}"
EndProject
Project("{FAE04EC0-301F-11D3-BF4B-00C04F79EFBC}") = "Unity.InternalAPIEditorBridge.001", "Unity.InternalAPIEditorBridge.001.csproj", "{DB29F993-0EA2-53F7-3A3F-651700A03885}"
EndProject
Project("{FAE04EC0-301F-11D3-BF4B-00C04F79EFBC}") = "UnityEngine.TestRunner", "UnityEngine.TestRunner.Player.csproj", "{038D8C37-B18D-DE14-77EE-3DA758A93EC5}"
EndProject
Project("{FAE04EC0-301F-11D3-BF4B-00C04F79EFBC}") = "Unity.Mathematics", "Unity.Mathematics.Player.csproj", "{6552A5AA-E6BF-3995-FB9D-E0E432DBE87B}"
EndProject
Project("{FAE04EC0-301F-11D3-BF4B-00C04F79EFBC}") = "Unity.2D.Animation.Triangle.Runtime", "Unity.2D.Animation.Triangle.Runtime.Player.csproj", "{7183658A-0609-DF8F-C4C9-C562398A3980}"
EndProject
Project("{FAE04EC0-301F-11D3-BF4B-00C04F79EFBC}") = "Unity.Timeline", "Unity.Timeline.Player.csproj", "{158D6EA7-CDBD-772D-A052-026874086E0D}"
EndProject
Project("{FAE04EC0-301F-11D3-BF4B-00C04F79EFBC}") = "UnityEngine.UI", "UnityEngine.UI.Player.csproj", "{32BD788C-B70A-8D30-7755-45AED3715AFF}"
EndProject
Project("{FAE04EC0-301F-11D3-BF4B-00C04F79EFBC}") = "Unity.TextMeshPro", "Unity.TextMeshPro.Player.csproj", "{8EB12C75-E8D8-8114-2AA9-038D7431EEE6}"
EndProject
Project("{FAE04EC0-301F-11D3-BF4B-00C04F79EFBC}") = "Unity.2D.Animation.Runtime", "Unity.2D.Animation.Runtime.Player.csproj", "{6C39EE6F-820E-03E9-5A6C-52D362990E5E}"
EndProject
Project("{FAE04EC0-301F-11D3-BF4B-00C04F79EFBC}") = "Unity.2D.IK.Runtime", "Unity.2D.IK.Runtime.Player.csproj", "{3F7F010D-1F6A-866B-6F5B-15A109AEC5D0}"
EndProject
Project("{FAE04EC0-301F-11D3-BF4B-00C04F79EFBC}") = "Unity.2D.SpriteShape.Runtime", "Unity.2D.SpriteShape.Runtime.Player.csproj", "{3E90CC7F-47E1-7E83-5A34-39ACAC337EB4}"
EndProject
Project("{FAE04EC0-301F-11D3-BF4B-00C04F79EFBC}") = "Unity.2D.PixelPerfect", "Unity.2D.PixelPerfect.Player.csproj", "{79CC7F99-81A7-6744-FE06-16AA13541D0D}"
EndProject
Project("{FAE04EC0-301F-11D3-BF4B-00C04F79EFBC}") = "Unity.2D.Common.Runtime", "Unity.2D.Common.Runtime.Player.csproj", "{CDCA2CB2-8399-F412-8D65-6D3621036D5E}"
EndProject
Project("{FAE04EC0-301F-11D3-BF4B-00C04F79EFBC}") = "Unity.InternalAPIEngineBridge.001", "Unity.InternalAPIEngineBridge.001.Player.csproj", "{B9CD93C1-43BD-5A8F-94BF-48C963741E38}"
EndProject
Project("{FAE04EC0-301F-11D3-BF4B-00C04F79EFBC}") = "Assembly-CSharp", "Assembly-CSharp.Player.csproj", "{BAABB295-A0D3-0026-0048-15FA25928375}"
EndProject
Global
	GlobalSection(SolutionConfigurationPlatforms) = preSolution
		Debug|Any CPU = Debug|Any CPU
		Release|Any CPU = Release|Any CPU
	EndGlobalSection
	GlobalSection(ProjectConfigurationPlatforms) = postSolution
		{86DECBCC-E958-636C-0D16-DCE037BDF6AD}.Debug|Any CPU.ActiveCfg = Debug|Any CPU
		{86DECBCC-E958-636C-0D16-DCE037BDF6AD}.Debug|Any CPU.Build.0 = Debug|Any CPU
		{86DECBCC-E958-636C-0D16-DCE037BDF6AD}.Release|Any CPU.ActiveCfg = Release|Any CPU
		{86DECBCC-E958-636C-0D16-DCE037BDF6AD}.Release|Any CPU.Build.0 = Release|Any CPU
		{A234A5C4-A4BF-BA7C-3857-6B622CBA206E}.Debug|Any CPU.ActiveCfg = Debug|Any CPU
		{A234A5C4-A4BF-BA7C-3857-6B622CBA206E}.Debug|Any CPU.Build.0 = Debug|Any CPU
		{A234A5C4-A4BF-BA7C-3857-6B622CBA206E}.Release|Any CPU.ActiveCfg = Release|Any CPU
		{A234A5C4-A4BF-BA7C-3857-6B622CBA206E}.Release|Any CPU.Build.0 = Release|Any CPU
		{15AEFA18-CDDF-DACC-F86F-DFC42B042F77}.Debug|Any CPU.ActiveCfg = Debug|Any CPU
		{15AEFA18-CDDF-DACC-F86F-DFC42B042F77}.Debug|Any CPU.Build.0 = Debug|Any CPU
		{15AEFA18-CDDF-DACC-F86F-DFC42B042F77}.Release|Any CPU.ActiveCfg = Release|Any CPU
		{15AEFA18-CDDF-DACC-F86F-DFC42B042F77}.Release|Any CPU.Build.0 = Release|Any CPU
		{4F5519CF-D7E3-021A-6E78-CE036FD99D7F}.Debug|Any CPU.ActiveCfg = Debug|Any CPU
		{4F5519CF-D7E3-021A-6E78-CE036FD99D7F}.Debug|Any CPU.Build.0 = Debug|Any CPU
		{4F5519CF-D7E3-021A-6E78-CE036FD99D7F}.Release|Any CPU.ActiveCfg = Release|Any CPU
		{4F5519CF-D7E3-021A-6E78-CE036FD99D7F}.Release|Any CPU.Build.0 = Release|Any CPU
		{5166EF62-49B1-83F8-4CE9-414B06C593E4}.Debug|Any CPU.ActiveCfg = Debug|Any CPU
		{5166EF62-49B1-83F8-4CE9-414B06C593E4}.Debug|Any CPU.Build.0 = Debug|Any CPU
		{5166EF62-49B1-83F8-4CE9-414B06C593E4}.Release|Any CPU.ActiveCfg = Release|Any CPU
		{5166EF62-49B1-83F8-4CE9-414B06C593E4}.Release|Any CPU.Build.0 = Release|Any CPU
		{C1BD0D23-76E5-0DB8-F998-DF084AAB2E0D}.Debug|Any CPU.ActiveCfg = Debug|Any CPU
		{C1BD0D23-76E5-0DB8-F998-DF084AAB2E0D}.Debug|Any CPU.Build.0 = Debug|Any CPU
		{C1BD0D23-76E5-0DB8-F998-DF084AAB2E0D}.Release|Any CPU.ActiveCfg = Release|Any CPU
		{C1BD0D23-76E5-0DB8-F998-DF084AAB2E0D}.Release|Any CPU.Build.0 = Release|Any CPU
		{6E2A774F-0539-26E7-C487-BF684E65626A}.Debug|Any CPU.ActiveCfg = Debug|Any CPU
		{6E2A774F-0539-26E7-C487-BF684E65626A}.Debug|Any CPU.Build.0 = Debug|Any CPU
		{6E2A774F-0539-26E7-C487-BF684E65626A}.Release|Any CPU.ActiveCfg = Release|Any CPU
		{6E2A774F-0539-26E7-C487-BF684E65626A}.Release|Any CPU.Build.0 = Release|Any CPU
		{336D9A74-47CE-E1E7-B880-DA808FA0C432}.Debug|Any CPU.ActiveCfg = Debug|Any CPU
		{336D9A74-47CE-E1E7-B880-DA808FA0C432}.Debug|Any CPU.Build.0 = Debug|Any CPU
		{336D9A74-47CE-E1E7-B880-DA808FA0C432}.Release|Any CPU.ActiveCfg = Release|Any CPU
		{336D9A74-47CE-E1E7-B880-DA808FA0C432}.Release|Any CPU.Build.0 = Release|Any CPU
		{5B298796-5C3B-4970-293F-250F025C1987}.Debug|Any CPU.ActiveCfg = Debug|Any CPU
		{5B298796-5C3B-4970-293F-250F025C1987}.Debug|Any CPU.Build.0 = Debug|Any CPU
		{5B298796-5C3B-4970-293F-250F025C1987}.Release|Any CPU.ActiveCfg = Release|Any CPU
		{5B298796-5C3B-4970-293F-250F025C1987}.Release|Any CPU.Build.0 = Release|Any CPU
		{D588E1DB-684F-E84E-412D-7C4A68BE29F0}.Debug|Any CPU.ActiveCfg = Debug|Any CPU
		{D588E1DB-684F-E84E-412D-7C4A68BE29F0}.Debug|Any CPU.Build.0 = Debug|Any CPU
		{D588E1DB-684F-E84E-412D-7C4A68BE29F0}.Release|Any CPU.ActiveCfg = Release|Any CPU
		{D588E1DB-684F-E84E-412D-7C4A68BE29F0}.Release|Any CPU.Build.0 = Release|Any CPU
		{1A12F02D-F8CE-3DFC-043F-CE70E23F0FF8}.Debug|Any CPU.ActiveCfg = Debug|Any CPU
		{1A12F02D-F8CE-3DFC-043F-CE70E23F0FF8}.Debug|Any CPU.Build.0 = Debug|Any CPU
		{1A12F02D-F8CE-3DFC-043F-CE70E23F0FF8}.Release|Any CPU.ActiveCfg = Release|Any CPU
		{1A12F02D-F8CE-3DFC-043F-CE70E23F0FF8}.Release|Any CPU.Build.0 = Release|Any CPU
		{4129EE89-9FF5-85AA-48AC-5A67DF793796}.Debug|Any CPU.ActiveCfg = Debug|Any CPU
		{4129EE89-9FF5-85AA-48AC-5A67DF793796}.Debug|Any CPU.Build.0 = Debug|Any CPU
		{4129EE89-9FF5-85AA-48AC-5A67DF793796}.Release|Any CPU.ActiveCfg = Release|Any CPU
		{4129EE89-9FF5-85AA-48AC-5A67DF793796}.Release|Any CPU.Build.0 = Release|Any CPU
		{B2B58FB2-4462-6B0C-A872-40DD957E5FE0}.Debug|Any CPU.ActiveCfg = Debug|Any CPU
		{B2B58FB2-4462-6B0C-A872-40DD957E5FE0}.Debug|Any CPU.Build.0 = Debug|Any CPU
		{B2B58FB2-4462-6B0C-A872-40DD957E5FE0}.Release|Any CPU.ActiveCfg = Release|Any CPU
		{B2B58FB2-4462-6B0C-A872-40DD957E5FE0}.Release|Any CPU.Build.0 = Release|Any CPU
		{79BD3602-F49E-FC5F-D168-D55E8032F8C9}.Debug|Any CPU.ActiveCfg = Debug|Any CPU
		{79BD3602-F49E-FC5F-D168-D55E8032F8C9}.Debug|Any CPU.Build.0 = Debug|Any CPU
		{79BD3602-F49E-FC5F-D168-D55E8032F8C9}.Release|Any CPU.ActiveCfg = Release|Any CPU
		{79BD3602-F49E-FC5F-D168-D55E8032F8C9}.Release|Any CPU.Build.0 = Release|Any CPU
		{468FC57A-550B-7AB7-2DA2-A2D4C0428819}.Debug|Any CPU.ActiveCfg = Debug|Any CPU
		{468FC57A-550B-7AB7-2DA2-A2D4C0428819}.Debug|Any CPU.Build.0 = Debug|Any CPU
		{468FC57A-550B-7AB7-2DA2-A2D4C0428819}.Release|Any CPU.ActiveCfg = Release|Any CPU
		{468FC57A-550B-7AB7-2DA2-A2D4C0428819}.Release|Any CPU.Build.0 = Release|Any CPU
		{46D59EF0-6788-C10D-25DD-0D8144EB4B31}.Debug|Any CPU.ActiveCfg = Debug|Any CPU
		{46D59EF0-6788-C10D-25DD-0D8144EB4B31}.Debug|Any CPU.Build.0 = Debug|Any CPU
		{46D59EF0-6788-C10D-25DD-0D8144EB4B31}.Release|Any CPU.ActiveCfg = Release|Any CPU
		{46D59EF0-6788-C10D-25DD-0D8144EB4B31}.Release|Any CPU.Build.0 = Release|Any CPU
		{A398C69A-EA68-D162-D2F9-CA9D1769F037}.Debug|Any CPU.ActiveCfg = Debug|Any CPU
		{A398C69A-EA68-D162-D2F9-CA9D1769F037}.Debug|Any CPU.Build.0 = Debug|Any CPU
		{A398C69A-EA68-D162-D2F9-CA9D1769F037}.Release|Any CPU.ActiveCfg = Release|Any CPU
		{A398C69A-EA68-D162-D2F9-CA9D1769F037}.Release|Any CPU.Build.0 = Release|Any CPU
		{D5DE0C21-7127-2564-597B-B50456EA80A2}.Debug|Any CPU.ActiveCfg = Debug|Any CPU
		{D5DE0C21-7127-2564-597B-B50456EA80A2}.Debug|Any CPU.Build.0 = Debug|Any CPU
		{D5DE0C21-7127-2564-597B-B50456EA80A2}.Release|Any CPU.ActiveCfg = Release|Any CPU
		{D5DE0C21-7127-2564-597B-B50456EA80A2}.Release|Any CPU.Build.0 = Release|Any CPU
		{E3B4F42D-66B4-9FFF-DACA-FC7298F5EBFA}.Debug|Any CPU.ActiveCfg = Debug|Any CPU
		{E3B4F42D-66B4-9FFF-DACA-FC7298F5EBFA}.Debug|Any CPU.Build.0 = Debug|Any CPU
		{E3B4F42D-66B4-9FFF-DACA-FC7298F5EBFA}.Release|Any CPU.ActiveCfg = Release|Any CPU
		{E3B4F42D-66B4-9FFF-DACA-FC7298F5EBFA}.Release|Any CPU.Build.0 = Release|Any CPU
		{0A459D49-D45F-73B3-25B9-84B8537367C3}.Debug|Any CPU.ActiveCfg = Debug|Any CPU
		{0A459D49-D45F-73B3-25B9-84B8537367C3}.Debug|Any CPU.Build.0 = Debug|Any CPU
		{0A459D49-D45F-73B3-25B9-84B8537367C3}.Release|Any CPU.ActiveCfg = Release|Any CPU
		{0A459D49-D45F-73B3-25B9-84B8537367C3}.Release|Any CPU.Build.0 = Release|Any CPU
		{32813FB3-AC3B-BAFD-FFB9-C84B0EE37295}.Debug|Any CPU.ActiveCfg = Debug|Any CPU
		{32813FB3-AC3B-BAFD-FFB9-C84B0EE37295}.Debug|Any CPU.Build.0 = Debug|Any CPU
		{32813FB3-AC3B-BAFD-FFB9-C84B0EE37295}.Release|Any CPU.ActiveCfg = Release|Any CPU
		{32813FB3-AC3B-BAFD-FFB9-C84B0EE37295}.Release|Any CPU.Build.0 = Release|Any CPU
		{9A1C864E-BEA1-EEFB-CA45-CF9C1E24C27E}.Debug|Any CPU.ActiveCfg = Debug|Any CPU
		{9A1C864E-BEA1-EEFB-CA45-CF9C1E24C27E}.Debug|Any CPU.Build.0 = Debug|Any CPU
		{9A1C864E-BEA1-EEFB-CA45-CF9C1E24C27E}.Release|Any CPU.ActiveCfg = Release|Any CPU
		{9A1C864E-BEA1-EEFB-CA45-CF9C1E24C27E}.Release|Any CPU.Build.0 = Release|Any CPU
		{5C1CA4FC-9BE9-F02D-66A2-A18C2BD72A3A}.Debug|Any CPU.ActiveCfg = Debug|Any CPU
		{5C1CA4FC-9BE9-F02D-66A2-A18C2BD72A3A}.Debug|Any CPU.Build.0 = Debug|Any CPU
		{5C1CA4FC-9BE9-F02D-66A2-A18C2BD72A3A}.Release|Any CPU.ActiveCfg = Release|Any CPU
		{5C1CA4FC-9BE9-F02D-66A2-A18C2BD72A3A}.Release|Any CPU.Build.0 = Release|Any CPU
		{37F795A0-7B2D-F2ED-D868-2C8F2C06FA1D}.Debug|Any CPU.ActiveCfg = Debug|Any CPU
		{37F795A0-7B2D-F2ED-D868-2C8F2C06FA1D}.Debug|Any CPU.Build.0 = Debug|Any CPU
		{37F795A0-7B2D-F2ED-D868-2C8F2C06FA1D}.Release|Any CPU.ActiveCfg = Release|Any CPU
		{37F795A0-7B2D-F2ED-D868-2C8F2C06FA1D}.Release|Any CPU.Build.0 = Release|Any CPU
		{51342817-368B-907A-F7FF-426663A2DA1C}.Debug|Any CPU.ActiveCfg = Debug|Any CPU
		{51342817-368B-907A-F7FF-426663A2DA1C}.Debug|Any CPU.Build.0 = Debug|Any CPU
		{51342817-368B-907A-F7FF-426663A2DA1C}.Release|Any CPU.ActiveCfg = Release|Any CPU
		{51342817-368B-907A-F7FF-426663A2DA1C}.Release|Any CPU.Build.0 = Release|Any CPU
		{70D33F0E-31A3-A826-BDF2-0EF63EA08152}.Debug|Any CPU.ActiveCfg = Debug|Any CPU
		{70D33F0E-31A3-A826-BDF2-0EF63EA08152}.Debug|Any CPU.Build.0 = Debug|Any CPU
		{70D33F0E-31A3-A826-BDF2-0EF63EA08152}.Release|Any CPU.ActiveCfg = Release|Any CPU
		{70D33F0E-31A3-A826-BDF2-0EF63EA08152}.Release|Any CPU.Build.0 = Release|Any CPU
		{326A4F9C-20F0-E078-29A3-6605A766BA46}.Debug|Any CPU.ActiveCfg = Debug|Any CPU
		{326A4F9C-20F0-E078-29A3-6605A766BA46}.Debug|Any CPU.Build.0 = Debug|Any CPU
		{326A4F9C-20F0-E078-29A3-6605A766BA46}.Release|Any CPU.ActiveCfg = Release|Any CPU
		{326A4F9C-20F0-E078-29A3-6605A766BA46}.Release|Any CPU.Build.0 = Release|Any CPU
		{D7AE9D54-ADCB-8980-8D89-8CDA84165C20}.Debug|Any CPU.ActiveCfg = Debug|Any CPU
		{D7AE9D54-ADCB-8980-8D89-8CDA84165C20}.Debug|Any CPU.Build.0 = Debug|Any CPU
		{D7AE9D54-ADCB-8980-8D89-8CDA84165C20}.Release|Any CPU.ActiveCfg = Release|Any CPU
		{D7AE9D54-ADCB-8980-8D89-8CDA84165C20}.Release|Any CPU.Build.0 = Release|Any CPU
		{E895022B-FC6B-89DE-F24E-8C8D305353A4}.Debug|Any CPU.ActiveCfg = Debug|Any CPU
		{E895022B-FC6B-89DE-F24E-8C8D305353A4}.Debug|Any CPU.Build.0 = Debug|Any CPU
		{E895022B-FC6B-89DE-F24E-8C8D305353A4}.Release|Any CPU.ActiveCfg = Release|Any CPU
		{E895022B-FC6B-89DE-F24E-8C8D305353A4}.Release|Any CPU.Build.0 = Release|Any CPU
		{804DA0BF-D17B-4A1D-912D-B68881B89E22}.Debug|Any CPU.ActiveCfg = Debug|Any CPU
		{804DA0BF-D17B-4A1D-912D-B68881B89E22}.Debug|Any CPU.Build.0 = Debug|Any CPU
		{804DA0BF-D17B-4A1D-912D-B68881B89E22}.Release|Any CPU.ActiveCfg = Release|Any CPU
		{804DA0BF-D17B-4A1D-912D-B68881B89E22}.Release|Any CPU.Build.0 = Release|Any CPU
		{AA7A4434-1EE3-2800-2145-E6B67819A58A}.Debug|Any CPU.ActiveCfg = Debug|Any CPU
		{AA7A4434-1EE3-2800-2145-E6B67819A58A}.Debug|Any CPU.Build.0 = Debug|Any CPU
		{AA7A4434-1EE3-2800-2145-E6B67819A58A}.Release|Any CPU.ActiveCfg = Release|Any CPU
		{AA7A4434-1EE3-2800-2145-E6B67819A58A}.Release|Any CPU.Build.0 = Release|Any CPU
		{02FE65F0-FA6E-FB2F-DC1E-CB733254DFAF}.Debug|Any CPU.ActiveCfg = Debug|Any CPU
		{02FE65F0-FA6E-FB2F-DC1E-CB733254DFAF}.Debug|Any CPU.Build.0 = Debug|Any CPU
		{02FE65F0-FA6E-FB2F-DC1E-CB733254DFAF}.Release|Any CPU.ActiveCfg = Release|Any CPU
		{02FE65F0-FA6E-FB2F-DC1E-CB733254DFAF}.Release|Any CPU.Build.0 = Release|Any CPU
		{2F36AA6C-E84C-2FEB-80CB-AE4CB06B385A}.Debug|Any CPU.ActiveCfg = Debug|Any CPU
		{2F36AA6C-E84C-2FEB-80CB-AE4CB06B385A}.Debug|Any CPU.Build.0 = Debug|Any CPU
		{2F36AA6C-E84C-2FEB-80CB-AE4CB06B385A}.Release|Any CPU.ActiveCfg = Release|Any CPU
		{2F36AA6C-E84C-2FEB-80CB-AE4CB06B385A}.Release|Any CPU.Build.0 = Release|Any CPU
		{426E94C6-6E1D-8C6F-D2FC-2C93A73561BA}.Debug|Any CPU.ActiveCfg = Debug|Any CPU
		{426E94C6-6E1D-8C6F-D2FC-2C93A73561BA}.Debug|Any CPU.Build.0 = Debug|Any CPU
		{426E94C6-6E1D-8C6F-D2FC-2C93A73561BA}.Release|Any CPU.ActiveCfg = Release|Any CPU
		{426E94C6-6E1D-8C6F-D2FC-2C93A73561BA}.Release|Any CPU.Build.0 = Release|Any CPU
		{DB29F993-0EA2-53F7-3A3F-651700A03885}.Debug|Any CPU.ActiveCfg = Debug|Any CPU
		{DB29F993-0EA2-53F7-3A3F-651700A03885}.Debug|Any CPU.Build.0 = Debug|Any CPU
		{DB29F993-0EA2-53F7-3A3F-651700A03885}.Release|Any CPU.ActiveCfg = Release|Any CPU
		{DB29F993-0EA2-53F7-3A3F-651700A03885}.Release|Any CPU.Build.0 = Release|Any CPU
		{038D8C37-B18D-DE14-77EE-3DA758A93EC5}.Debug|Any CPU.ActiveCfg = Debug|Any CPU
		{038D8C37-B18D-DE14-77EE-3DA758A93EC5}.Debug|Any CPU.Build.0 = Debug|Any CPU
		{038D8C37-B18D-DE14-77EE-3DA758A93EC5}.Release|Any CPU.ActiveCfg = Release|Any CPU
		{038D8C37-B18D-DE14-77EE-3DA758A93EC5}.Release|Any CPU.Build.0 = Release|Any CPU
		{6552A5AA-E6BF-3995-FB9D-E0E432DBE87B}.Debug|Any CPU.ActiveCfg = Debug|Any CPU
		{6552A5AA-E6BF-3995-FB9D-E0E432DBE87B}.Debug|Any CPU.Build.0 = Debug|Any CPU
		{6552A5AA-E6BF-3995-FB9D-E0E432DBE87B}.Release|Any CPU.ActiveCfg = Release|Any CPU
		{6552A5AA-E6BF-3995-FB9D-E0E432DBE87B}.Release|Any CPU.Build.0 = Release|Any CPU
		{7183658A-0609-DF8F-C4C9-C562398A3980}.Debug|Any CPU.ActiveCfg = Debug|Any CPU
		{7183658A-0609-DF8F-C4C9-C562398A3980}.Debug|Any CPU.Build.0 = Debug|Any CPU
		{7183658A-0609-DF8F-C4C9-C562398A3980}.Release|Any CPU.ActiveCfg = Release|Any CPU
		{7183658A-0609-DF8F-C4C9-C562398A3980}.Release|Any CPU.Build.0 = Release|Any CPU
		{158D6EA7-CDBD-772D-A052-026874086E0D}.Debug|Any CPU.ActiveCfg = Debug|Any CPU
		{158D6EA7-CDBD-772D-A052-026874086E0D}.Debug|Any CPU.Build.0 = Debug|Any CPU
		{158D6EA7-CDBD-772D-A052-026874086E0D}.Release|Any CPU.ActiveCfg = Release|Any CPU
		{158D6EA7-CDBD-772D-A052-026874086E0D}.Release|Any CPU.Build.0 = Release|Any CPU
		{32BD788C-B70A-8D30-7755-45AED3715AFF}.Debug|Any CPU.ActiveCfg = Debug|Any CPU
		{32BD788C-B70A-8D30-7755-45AED3715AFF}.Debug|Any CPU.Build.0 = Debug|Any CPU
		{32BD788C-B70A-8D30-7755-45AED3715AFF}.Release|Any CPU.ActiveCfg = Release|Any CPU
		{32BD788C-B70A-8D30-7755-45AED3715AFF}.Release|Any CPU.Build.0 = Release|Any CPU
		{8EB12C75-E8D8-8114-2AA9-038D7431EEE6}.Debug|Any CPU.ActiveCfg = Debug|Any CPU
		{8EB12C75-E8D8-8114-2AA9-038D7431EEE6}.Debug|Any CPU.Build.0 = Debug|Any CPU
		{8EB12C75-E8D8-8114-2AA9-038D7431EEE6}.Release|Any CPU.ActiveCfg = Release|Any CPU
		{8EB12C75-E8D8-8114-2AA9-038D7431EEE6}.Release|Any CPU.Build.0 = Release|Any CPU
		{6C39EE6F-820E-03E9-5A6C-52D362990E5E}.Debug|Any CPU.ActiveCfg = Debug|Any CPU
		{6C39EE6F-820E-03E9-5A6C-52D362990E5E}.Debug|Any CPU.Build.0 = Debug|Any CPU
		{6C39EE6F-820E-03E9-5A6C-52D362990E5E}.Release|Any CPU.ActiveCfg = Release|Any CPU
		{6C39EE6F-820E-03E9-5A6C-52D362990E5E}.Release|Any CPU.Build.0 = Release|Any CPU
		{3F7F010D-1F6A-866B-6F5B-15A109AEC5D0}.Debug|Any CPU.ActiveCfg = Debug|Any CPU
		{3F7F010D-1F6A-866B-6F5B-15A109AEC5D0}.Debug|Any CPU.Build.0 = Debug|Any CPU
		{3F7F010D-1F6A-866B-6F5B-15A109AEC5D0}.Release|Any CPU.ActiveCfg = Release|Any CPU
		{3F7F010D-1F6A-866B-6F5B-15A109AEC5D0}.Release|Any CPU.Build.0 = Release|Any CPU
		{3E90CC7F-47E1-7E83-5A34-39ACAC337EB4}.Debug|Any CPU.ActiveCfg = Debug|Any CPU
		{3E90CC7F-47E1-7E83-5A34-39ACAC337EB4}.Debug|Any CPU.Build.0 = Debug|Any CPU
		{3E90CC7F-47E1-7E83-5A34-39ACAC337EB4}.Release|Any CPU.ActiveCfg = Release|Any CPU
		{3E90CC7F-47E1-7E83-5A34-39ACAC337EB4}.Release|Any CPU.Build.0 = Release|Any CPU
		{79CC7F99-81A7-6744-FE06-16AA13541D0D}.Debug|Any CPU.ActiveCfg = Debug|Any CPU
		{79CC7F99-81A7-6744-FE06-16AA13541D0D}.Debug|Any CPU.Build.0 = Debug|Any CPU
		{79CC7F99-81A7-6744-FE06-16AA13541D0D}.Release|Any CPU.ActiveCfg = Release|Any CPU
		{79CC7F99-81A7-6744-FE06-16AA13541D0D}.Release|Any CPU.Build.0 = Release|Any CPU
		{CDCA2CB2-8399-F412-8D65-6D3621036D5E}.Debug|Any CPU.ActiveCfg = Debug|Any CPU
		{CDCA2CB2-8399-F412-8D65-6D3621036D5E}.Debug|Any CPU.Build.0 = Debug|Any CPU
		{CDCA2CB2-8399-F412-8D65-6D3621036D5E}.Release|Any CPU.ActiveCfg = Release|Any CPU
		{CDCA2CB2-8399-F412-8D65-6D3621036D5E}.Release|Any CPU.Build.0 = Release|Any CPU
		{B9CD93C1-43BD-5A8F-94BF-48C963741E38}.Debug|Any CPU.ActiveCfg = Debug|Any CPU
		{B9CD93C1-43BD-5A8F-94BF-48C963741E38}.Debug|Any CPU.Build.0 = Debug|Any CPU
		{B9CD93C1-43BD-5A8F-94BF-48C963741E38}.Release|Any CPU.ActiveCfg = Release|Any CPU
		{B9CD93C1-43BD-5A8F-94BF-48C963741E38}.Release|Any CPU.Build.0 = Release|Any CPU
		{BAABB295-A0D3-0026-0048-15FA25928375}.Debug|Any CPU.ActiveCfg = Debug|Any CPU
		{BAABB295-A0D3-0026-0048-15FA25928375}.Debug|Any CPU.Build.0 = Debug|Any CPU
		{BAABB295-A0D3-0026-0048-15FA25928375}.Release|Any CPU.ActiveCfg = Release|Any CPU
		{BAABB295-A0D3-0026-0048-15FA25928375}.Release|Any CPU.Build.0 = Release|Any CPU
	EndGlobalSection
	GlobalSection(SolutionProperties) = preSolution
		HideSolutionNode = FALSE
	EndGlobalSection
EndGlobal
